
Microsoft Visual Studio Solution File, Format Version 12.00
# Visual Studio 15
VisualStudioVersion = 15.0.28307.136
MinimumVisualStudioVersion = 10.0.40219.1
Project("{FAE04EC0-301F-11D3-BF4B-00C04F79EFBC}") = "MatProJe", "MatProJe\MatProJe.csproj", "{D595B392-4BA6-4262-AECC-130B8BDC7024}"
EndProject
Global
	GlobalSection(SolutionConfigurationPlatforms) = preSolution
		Debug|Any CPU = Debug|Any CPU
		Release|Any CPU = Release|Any CPU
	EndGlobalSection
	GlobalSection(ProjectConfigurationPlatforms) = postSolution
		{D595B392-4BA6-4262-AECC-130B8BDC7024}.Debug|Any CPU.ActiveCfg = Debug|Any CPU
		{D595B392-4BA6-4262-AECC-130B8BDC7024}.Debug|Any CPU.Build.0 = Debug|Any CPU
		{D595B392-4BA6-4262-AECC-130B8BDC7024}.Release|Any CPU.ActiveCfg = Release|Any CPU
		{D595B392-4BA6-4262-AECC-130B8BDC7024}.Release|Any CPU.Build.0 = Release|Any CPU
	EndGlobalSection
	GlobalSection(SolutionProperties) = preSolution
		HideSolutionNode = FALSE
	EndGlobalSection
	GlobalSection(ExtensibilityGlobals) = postSolution
		SolutionGuid = {9FECE675-5A9B-47DC-84E2-888F49B19754}
	EndGlobalSection
EndGlobal
